// !$*UTF8*$!
{
	archiveVersion = 1;
	classes = {
	};
	objectVersion = 50;
	objects = {

/* Begin PBXBuildFile section */
		9209D31C5EBEA63DF1017B86 /* Pods_3DayFlurry.framework in Frameworks */ = {isa = PBXBuildFile; fileRef = E3AF6A9384C2A9765E84DEDF /* Pods_3DayFlurry.framework */; };
		CA9603182076FE3900F7CB51 /* AppDelegate.swift in Sources */ = {isa = PBXBuildFile; fileRef = CA9603172076FE3900F7CB51 /* AppDelegate.swift */; };
		CA96031A2076FE3900F7CB51 /* MainVC.swift in Sources */ = {isa = PBXBuildFile; fileRef = CA9603192076FE3900F7CB51 /* MainVC.swift */; };
		CA96031D2076FE3900F7CB51 /* Main.storyboard in Resources */ = {isa = PBXBuildFile; fileRef = CA96031B2076FE3900F7CB51 /* Main.storyboard */; };
		CA96031F2076FE3B00F7CB51 /* Assets.xcassets in Resources */ = {isa = PBXBuildFile; fileRef = CA96031E2076FE3B00F7CB51 /* Assets.xcassets */; };
		CA9603222076FE3B00F7CB51 /* LaunchScreen.storyboard in Resources */ = {isa = PBXBuildFile; fileRef = CA9603202076FE3B00F7CB51 /* LaunchScreen.storyboard */; };
		CA96032A2076FED600F7CB51 /* Globals.swift in Sources */ = {isa = PBXBuildFile; fileRef = CA9603292076FED600F7CB51 /* Globals.swift */; };
		CA96032C2077141C00F7CB51 /* MainTableViewCell.swift in Sources */ = {isa = PBXBuildFile; fileRef = CA96032B2077141C00F7CB51 /* MainTableViewCell.swift */; };
		CA9603342077D58A00F7CB51 /* _DayFlurryUITests.swift in Sources */ = {isa = PBXBuildFile; fileRef = CA9603332077D58A00F7CB51 /* _DayFlurryUITests.swift */; };
/* End PBXBuildFile section */

/* Begin PBXContainerItemProxy section */
		CA9603362077D58A00F7CB51 /* PBXContainerItemProxy */ = {
			isa = PBXContainerItemProxy;
			containerPortal = CA96030C2076FE3900F7CB51 /* Project object */;
			proxyType = 1;
			remoteGlobalIDString = CA9603132076FE3900F7CB51;
			remoteInfo = 3DayFlurry;
		};
/* End PBXContainerItemProxy section */

/* Begin PBXFileReference section */
		C09EB447A5DC891E861A2379 /* Pods-3DayFlurry.release.xcconfig */ = {isa = PBXFileReference; includeInIndex = 1; lastKnownFileType = text.xcconfig; name = "Pods-3DayFlurry.release.xcconfig"; path = "Pods/Target Support Files/Pods-3DayFlurry/Pods-3DayFlurry.release.xcconfig"; sourceTree = "<group>"; };
		CA9603142076FE3900F7CB51 /* 3DayFlurry.app */ = {isa = PBXFileReference; explicitFileType = wrapper.application; includeInIndex = 0; path = 3DayFlurry.app; sourceTree = BUILT_PRODUCTS_DIR; };
		CA9603172076FE3900F7CB51 /* AppDelegate.swift */ = {isa = PBXFileReference; lastKnownFileType = sourcecode.swift; path = AppDelegate.swift; sourceTree = "<group>"; };
		CA9603192076FE3900F7CB51 /* MainVC.swift */ = {isa = PBXFileReference; lastKnownFileType = sourcecode.swift; path = MainVC.swift; sourceTree = "<group>"; };
		CA96031C2076FE3900F7CB51 /* Base */ = {isa = PBXFileReference; lastKnownFileType = file.storyboard; name = Base; path = Base.lproj/Main.storyboard; sourceTree = "<group>"; };
		CA96031E2076FE3B00F7CB51 /* Assets.xcassets */ = {isa = PBXFileReference; lastKnownFileType = folder.assetcatalog; path = Assets.xcassets; sourceTree = "<group>"; };
		CA9603212076FE3B00F7CB51 /* Base */ = {isa = PBXFileReference; lastKnownFileType = file.storyboard; name = Base; path = Base.lproj/LaunchScreen.storyboard; sourceTree = "<group>"; };
		CA9603232076FE3B00F7CB51 /* Info.plist */ = {isa = PBXFileReference; lastKnownFileType = text.plist.xml; path = Info.plist; sourceTree = "<group>"; };
		CA9603292076FED600F7CB51 /* Globals.swift */ = {isa = PBXFileReference; lastKnownFileType = sourcecode.swift; path = Globals.swift; sourceTree = "<group>"; };
		CA96032B2077141C00F7CB51 /* MainTableViewCell.swift */ = {isa = PBXFileReference; lastKnownFileType = sourcecode.swift; path = MainTableViewCell.swift; sourceTree = "<group>"; };
		CA9603312077D58A00F7CB51 /* 3DayFlurryUITests.xctest */ = {isa = PBXFileReference; explicitFileType = wrapper.cfbundle; includeInIndex = 0; path = 3DayFlurryUITests.xctest; sourceTree = BUILT_PRODUCTS_DIR; };
		CA9603332077D58A00F7CB51 /* _DayFlurryUITests.swift */ = {isa = PBXFileReference; lastKnownFileType = sourcecode.swift; path = _DayFlurryUITests.swift; sourceTree = "<group>"; };
		CA9603352077D58A00F7CB51 /* Info.plist */ = {isa = PBXFileReference; lastKnownFileType = text.plist.xml; path = Info.plist; sourceTree = "<group>"; };
		E3AF6A9384C2A9765E84DEDF /* Pods_3DayFlurry.framework */ = {isa = PBXFileReference; explicitFileType = wrapper.framework; includeInIndex = 0; path = Pods_3DayFlurry.framework; sourceTree = BUILT_PRODUCTS_DIR; };
		E68EF982E23CA33DE61516B7 /* Pods-3DayFlurry.debug.xcconfig */ = {isa = PBXFileReference; includeInIndex = 1; lastKnownFileType = text.xcconfig; name = "Pods-3DayFlurry.debug.xcconfig"; path = "Pods/Target Support Files/Pods-3DayFlurry/Pods-3DayFlurry.debug.xcconfig"; sourceTree = "<group>"; };
/* End PBXFileReference section */

/* Begin PBXFrameworksBuildPhase section */
		CA9603112076FE3900F7CB51 /* Frameworks */ = {
			isa = PBXFrameworksBuildPhase;
			buildActionMask = 2147483647;
			files = (
				9209D31C5EBEA63DF1017B86 /* Pods_3DayFlurry.framework in Frameworks */,
			);
			runOnlyForDeploymentPostprocessing = 0;
		};
		CA96032E2077D58A00F7CB51 /* Frameworks */ = {
			isa = PBXFrameworksBuildPhase;
			buildActionMask = 2147483647;
			files = (
			);
			runOnlyForDeploymentPostprocessing = 0;
		};
/* End PBXFrameworksBuildPhase section */

/* Begin PBXGroup section */
		C30C03426160BBBD1E985BEE /* Pods */ = {
			isa = PBXGroup;
			children = (
				E68EF982E23CA33DE61516B7 /* Pods-3DayFlurry.debug.xcconfig */,
				C09EB447A5DC891E861A2379 /* Pods-3DayFlurry.release.xcconfig */,
			);
			name = Pods;
			sourceTree = "<group>";
		};
		CA96030B2076FE3900F7CB51 = {
			isa = PBXGroup;
			children = (
				CA9603162076FE3900F7CB51 /* 3DayFlurry */,
				CA9603322077D58A00F7CB51 /* 3DayFlurryUITests */,
				CA9603152076FE3900F7CB51 /* Products */,
				C30C03426160BBBD1E985BEE /* Pods */,
				EB6CC228A9D280506F0439C7 /* Frameworks */,
			);
			sourceTree = "<group>";
		};
		CA9603152076FE3900F7CB51 /* Products */ = {
			isa = PBXGroup;
			children = (
				CA9603142076FE3900F7CB51 /* 3DayFlurry.app */,
				CA9603312077D58A00F7CB51 /* 3DayFlurryUITests.xctest */,
			);
			name = Products;
			sourceTree = "<group>";
		};
		CA9603162076FE3900F7CB51 /* 3DayFlurry */ = {
			isa = PBXGroup;
			children = (
				CA9603172076FE3900F7CB51 /* AppDelegate.swift */,
				CA9603192076FE3900F7CB51 /* MainVC.swift */,
				CA9603292076FED600F7CB51 /* Globals.swift */,
				CA96032B2077141C00F7CB51 /* MainTableViewCell.swift */,
				CA96031B2076FE3900F7CB51 /* Main.storyboard */,
				CA96031E2076FE3B00F7CB51 /* Assets.xcassets */,
				CA9603202076FE3B00F7CB51 /* LaunchScreen.storyboard */,
				CA9603232076FE3B00F7CB51 /* Info.plist */,
			);
			path = 3DayFlurry;
			sourceTree = "<group>";
		};
		CA9603322077D58A00F7CB51 /* 3DayFlurryUITests */ = {
			isa = PBXGroup;
			children = (
				CA9603332077D58A00F7CB51 /* _DayFlurryUITests.swift */,
				CA9603352077D58A00F7CB51 /* Info.plist */,
			);
			path = 3DayFlurryUITests;
			sourceTree = "<group>";
		};
		EB6CC228A9D280506F0439C7 /* Frameworks */ = {
			isa = PBXGroup;
			children = (
				E3AF6A9384C2A9765E84DEDF /* Pods_3DayFlurry.framework */,
			);
			name = Frameworks;
			sourceTree = "<group>";
		};
/* End PBXGroup section */

/* Begin PBXNativeTarget section */
		CA9603132076FE3900F7CB51 /* 3DayFlurry */ = {
			isa = PBXNativeTarget;
			buildConfigurationList = CA9603262076FE3B00F7CB51 /* Build configuration list for PBXNativeTarget "3DayFlurry" */;
			buildPhases = (
				D20949B2EF93B7CBA2814EAE /* [CP] Check Pods Manifest.lock */,
				CA9603102076FE3900F7CB51 /* Sources */,
				CA9603112076FE3900F7CB51 /* Frameworks */,
				CA9603122076FE3900F7CB51 /* Resources */,
				A4CC2960EEE408C6B01B62B1 /* [CP] Embed Pods Frameworks */,
				78B70579B7A3635C3536DF63 /* [CP] Copy Pods Resources */,
			);
			buildRules = (
			);
			dependencies = (
			);
			name = 3DayFlurry;
			productName = 3DayFlurry;
			productReference = CA9603142076FE3900F7CB51 /* 3DayFlurry.app */;
			productType = "com.apple.product-type.application";
		};
		CA9603302077D58A00F7CB51 /* 3DayFlurryUITests */ = {
			isa = PBXNativeTarget;
			buildConfigurationList = CA96033A2077D58A00F7CB51 /* Build configuration list for PBXNativeTarget "3DayFlurryUITests" */;
			buildPhases = (
				CA96032D2077D58A00F7CB51 /* Sources */,
				CA96032E2077D58A00F7CB51 /* Frameworks */,
				CA96032F2077D58A00F7CB51 /* Resources */,
			);
			buildRules = (
			);
			dependencies = (
				CA9603372077D58A00F7CB51 /* PBXTargetDependency */,
			);
			name = 3DayFlurryUITests;
			productName = 3DayFlurryUITests;
			productReference = CA9603312077D58A00F7CB51 /* 3DayFlurryUITests.xctest */;
			productType = "com.apple.product-type.bundle.ui-testing";
		};
/* End PBXNativeTarget section */

/* Begin PBXProject section */
		CA96030C2076FE3900F7CB51 /* Project object */ = {
			isa = PBXProject;
			attributes = {
				LastSwiftUpdateCheck = 0930;
				LastUpgradeCheck = 0930;
				ORGANIZATIONNAME = "Def Labs";
				TargetAttributes = {
					CA9603132076FE3900F7CB51 = {
						CreatedOnToolsVersion = 9.3;
					};
					CA9603302077D58A00F7CB51 = {
						CreatedOnToolsVersion = 9.3;
						TestTargetID = CA9603132076FE3900F7CB51;
					};
				};
			};
			buildConfigurationList = CA96030F2076FE3900F7CB51 /* Build configuration list for PBXProject "3DayFlurry" */;
			compatibilityVersion = "Xcode 9.3";
			developmentRegion = en;
			hasScannedForEncodings = 0;
			knownRegions = (
				en,
				Base,
			);
			mainGroup = CA96030B2076FE3900F7CB51;
			productRefGroup = CA9603152076FE3900F7CB51 /* Products */;
			projectDirPath = "";
			projectRoot = "";
			targets = (
				CA9603132076FE3900F7CB51 /* 3DayFlurry */,
				CA9603302077D58A00F7CB51 /* 3DayFlurryUITests */,
			);
		};
/* End PBXProject section */

/* Begin PBXResourcesBuildPhase section */
		CA9603122076FE3900F7CB51 /* Resources */ = {
			isa = PBXResourcesBuildPhase;
			buildActionMask = 2147483647;
			files = (
				CA9603222076FE3B00F7CB51 /* LaunchScreen.storyboard in Resources */,
				CA96031F2076FE3B00F7CB51 /* Assets.xcassets in Resources */,
				CA96031D2076FE3900F7CB51 /* Main.storyboard in Resources */,
			);
			runOnlyForDeploymentPostprocessing = 0;
		};
		CA96032F2077D58A00F7CB51 /* Resources */ = {
			isa = PBXResourcesBuildPhase;
			buildActionMask = 2147483647;
			files = (
			);
			runOnlyForDeploymentPostprocessing = 0;
		};
/* End PBXResourcesBuildPhase section */

/* Begin PBXShellScriptBuildPhase section */
		78B70579B7A3635C3536DF63 /* [CP] Copy Pods Resources */ = {
			isa = PBXShellScriptBuildPhase;
			buildActionMask = 2147483647;
			files = (
			);
			inputPaths = (
			);
			name = "[CP] Copy Pods Resources";
			outputPaths = (
			);
			runOnlyForDeploymentPostprocessing = 0;
			shellPath = /bin/sh;
			shellScript = "\"${SRCROOT}/Pods/Target Support Files/Pods-3DayFlurry/Pods-3DayFlurry-resources.sh\"\n";
			showEnvVarsInLog = 0;
		};
		A4CC2960EEE408C6B01B62B1 /* [CP] Embed Pods Frameworks */ = {
			isa = PBXShellScriptBuildPhase;
			buildActionMask = 2147483647;
			files = (
			);
			inputPaths = (
				"${SRCROOT}/Pods/Target Support Files/Pods-3DayFlurry/Pods-3DayFlurry-frameworks.sh",
				"${BUILT_PRODUCTS_DIR}/Alamofire/Alamofire.framework",
			);
			name = "[CP] Embed Pods Frameworks";
			outputPaths = (
				"${TARGET_BUILD_DIR}/${FRAMEWORKS_FOLDER_PATH}/Alamofire.framework",
			);
			runOnlyForDeploymentPostprocessing = 0;
			shellPath = /bin/sh;
			shellScript = "\"${SRCROOT}/Pods/Target Support Files/Pods-3DayFlurry/Pods-3DayFlurry-frameworks.sh\"\n";
			showEnvVarsInLog = 0;
		};
		D20949B2EF93B7CBA2814EAE /* [CP] Check Pods Manifest.lock */ = {
			isa = PBXShellScriptBuildPhase;
			buildActionMask = 2147483647;
			files = (
			);
			inputPaths = (
				"${PODS_PODFILE_DIR_PATH}/Podfile.lock",
				"${PODS_ROOT}/Manifest.lock",
			);
			name = "[CP] Check Pods Manifest.lock";
			outputPaths = (
				"$(DERIVED_FILE_DIR)/Pods-3DayFlurry-checkManifestLockResult.txt",
			);
			runOnlyForDeploymentPostprocessing = 0;
			shellPath = /bin/sh;
			shellScript = "diff \"${PODS_PODFILE_DIR_PATH}/Podfile.lock\" \"${PODS_ROOT}/Manifest.lock\" > /dev/null\nif [ $? != 0 ] ; then\n    # print error to STDERR\n    echo \"error: The sandbox is not in sync with the Podfile.lock. Run 'pod install' or update your CocoaPods installation.\" >&2\n    exit 1\nfi\n# This output is used by Xcode 'outputs' to avoid re-running this script phase.\necho \"SUCCESS\" > \"${SCRIPT_OUTPUT_FILE_0}\"\n";
			showEnvVarsInLog = 0;
		};
/* End PBXShellScriptBuildPhase section */

/* Begin PBXSourcesBuildPhase section */
		CA9603102076FE3900F7CB51 /* Sources */ = {
			isa = PBXSourcesBuildPhase;
			buildActionMask = 2147483647;
			files = (
				CA96031A2076FE3900F7CB51 /* MainVC.swift in Sources */,
				CA9603182076FE3900F7CB51 /* AppDelegate.swift in Sources */,
				CA96032C2077141C00F7CB51 /* MainTableViewCell.swift in Sources */,
				CA96032A2076FED600F7CB51 /* Globals.swift in Sources */,
			);
			runOnlyForDeploymentPostprocessing = 0;
		};
		CA96032D2077D58A00F7CB51 /* Sources */ = {
			isa = PBXSourcesBuildPhase;
			buildActionMask = 2147483647;
			files = (
				CA9603342077D58A00F7CB51 /* _DayFlurryUITests.swift in Sources */,
			);
			runOnlyForDeploymentPostprocessing = 0;
		};
/* End PBXSourcesBuildPhase section */

/* Begin PBXTargetDependency section */
		CA9603372077D58A00F7CB51 /* PBXTargetDependency */ = {
			isa = PBXTargetDependency;
			target = CA9603132076FE3900F7CB51 /* 3DayFlurry */;
			targetProxy = CA9603362077D58A00F7CB51 /* PBXContainerItemProxy */;
		};
/* End PBXTargetDependency section */

/* Begin PBXVariantGroup section */
		CA96031B2076FE3900F7CB51 /* Main.storyboard */ = {
			isa = PBXVariantGroup;
			children = (
				CA96031C2076FE3900F7CB51 /* Base */,
			);
			name = Main.storyboard;
			sourceTree = "<group>";
		};
		CA9603202076FE3B00F7CB51 /* LaunchScreen.storyboard */ = {
			isa = PBXVariantGroup;
			children = (
				CA9603212076FE3B00F7CB51 /* Base */,
			);
			name = LaunchScreen.storyboard;
			sourceTree = "<group>";
		};
/* End PBXVariantGroup section */

/* Begin XCBuildConfiguration section */
		CA9603242076FE3B00F7CB51 /* Debug */ = {
			isa = XCBuildConfiguration;
			buildSettings = {
				ALWAYS_SEARCH_USER_PATHS = NO;
				CLANG_ANALYZER_NONNULL = YES;
				CLANG_ANALYZER_NUMBER_OBJECT_CONVERSION = YES_AGGRESSIVE;
				CLANG_CXX_LANGUAGE_STANDARD = "gnu++14";
				CLANG_CXX_LIBRARY = "libc++";
				CLANG_ENABLE_MODULES = YES;
				CLANG_ENABLE_OBJC_ARC = YES;
				CLANG_ENABLE_OBJC_WEAK = YES;
				CLANG_WARN_BLOCK_CAPTURE_AUTORELEASING = YES;
				CLANG_WARN_BOOL_CONVERSION = YES;
				CLANG_WARN_COMMA = YES;
				CLANG_WARN_CONSTANT_CONVERSION = YES;
				CLANG_WARN_DEPRECATED_OBJC_IMPLEMENTATIONS = YES;
				CLANG_WARN_DIRECT_OBJC_ISA_USAGE = YES_ERROR;
				CLANG_WARN_DOCUMENTATION_COMMENTS = YES;
				CLANG_WARN_EMPTY_BODY = YES;
				CLANG_WARN_ENUM_CONVERSION = YES;
				CLANG_WARN_INFINITE_RECURSION = YES;
				CLANG_WARN_INT_CONVERSION = YES;
				CLANG_WARN_NON_LITERAL_NULL_CONVERSION = YES;
				CLANG_WARN_OBJC_IMPLICIT_RETAIN_SELF = YES;
				CLANG_WARN_OBJC_LITERAL_CONVERSION = YES;
				CLANG_WARN_OBJC_ROOT_CLASS = YES_ERROR;
				CLANG_WARN_RANGE_LOOP_ANALYSIS = YES;
				CLANG_WARN_STRICT_PROTOTYPES = YES;
				CLANG_WARN_SUSPICIOUS_MOVE = YES;
				CLANG_WARN_UNGUARDED_AVAILABILITY = YES_AGGRESSIVE;
				CLANG_WARN_UNREACHABLE_CODE = YES;
				CLANG_WARN__DUPLICATE_METHOD_MATCH = YES;
				CODE_SIGN_IDENTITY = "iPhone Developer";
				COPY_PHASE_STRIP = NO;
				DEBUG_INFORMATION_FORMAT = dwarf;
				ENABLE_STRICT_OBJC_MSGSEND = YES;
				ENABLE_TESTABILITY = YES;
				GCC_C_LANGUAGE_STANDARD = gnu11;
				GCC_DYNAMIC_NO_PIC = NO;
				GCC_NO_COMMON_BLOCKS = YES;
				GCC_OPTIMIZATION_LEVEL = 0;
				GCC_PREPROCESSOR_DEFINITIONS = (
					"DEBUG=1",
					"$(inherited)",
				);
				GCC_WARN_64_TO_32_BIT_CONVERSION = YES;
				GCC_WARN_ABOUT_RETURN_TYPE = YES_ERROR;
				GCC_WARN_UNDECLARED_SELECTOR = YES;
				GCC_WARN_UNINITIALIZED_AUTOS = YES_AGGRESSIVE;
				GCC_WARN_UNUSED_FUNCTION = YES;
				GCC_WARN_UNUSED_VARIABLE = YES;
				IPHONEOS_DEPLOYMENT_TARGET = 11.3;
				MTL_ENABLE_DEBUG_INFO = YES;
				ONLY_ACTIVE_ARCH = YES;
				SDKROOT = iphoneos;
				SWIFT_ACTIVE_COMPILATION_CONDITIONS = DEBUG;
				SWIFT_OPTIMIZATION_LEVEL = "-Onone";
			};
			name = Debug;
		};
		CA9603252076FE3B00F7CB51 /* Release */ = {
			isa = XCBuildConfiguration;
			buildSettings = {
				ALWAYS_SEARCH_USER_PATHS = NO;
				CLANG_ANALYZER_NONNULL = YES;
				CLANG_ANALYZER_NUMBER_OBJECT_CONVERSION = YES_AGGRESSIVE;
				CLANG_CXX_LANGUAGE_STANDARD = "gnu++14";
				CLANG_CXX_LIBRARY = "libc++";
				CLANG_ENABLE_MODULES = YES;
				CLANG_ENABLE_OBJC_ARC = YES;
				CLANG_ENABLE_OBJC_WEAK = YES;
				CLANG_WARN_BLOCK_CAPTURE_AUTORELEASING = YES;
				CLANG_WARN_BOOL_CONVERSION = YES;
				CLANG_WARN_COMMA = YES;
				CLANG_WARN_CONSTANT_CONVERSION = YES;
				CLANG_WARN_DEPRECATED_OBJC_IMPLEMENTATIONS = YES;
				CLANG_WARN_DIRECT_OBJC_ISA_USAGE = YES_ERROR;
				CLANG_WARN_DOCUMENTATION_COMMENTS = YES;
				CLANG_WARN_EMPTY_BODY = YES;
				CLANG_WARN_ENUM_CONVERSION = YES;
				CLANG_WARN_INFINITE_RECURSION = YES;
				CLANG_WARN_INT_CONVERSION = YES;
				CLANG_WARN_NON_LITERAL_NULL_CONVERSION = YES;
				CLANG_WARN_OBJC_IMPLICIT_RETAIN_SELF = YES;
				CLANG_WARN_OBJC_LITERAL_CONVERSION = YES;
				CLANG_WARN_OBJC_ROOT_CLASS = YES_ERROR;
				CLANG_WARN_RANGE_LOOP_ANALYSIS = YES;
				CLANG_WARN_STRICT_PROTOTYPES = YES;
				CLANG_WARN_SUSPICIOUS_MOVE = YES;
				CLANG_WARN_UNGUARDED_AVAILABILITY = YES_AGGRESSIVE;
				CLANG_WARN_UNREACHABLE_CODE = YES;
				CLANG_WARN__DUPLICATE_METHOD_MATCH = YES;
				CODE_SIGN_IDENTITY = "iPhone Developer";
				COPY_PHASE_STRIP = NO;
				DEBUG_INFORMATION_FORMAT = "dwarf-with-dsym";
				ENABLE_NS_ASSERTIONS = NO;
				ENABLE_STRICT_OBJC_MSGSEND = YES;
				GCC_C_LANGUAGE_STANDARD = gnu11;
				GCC_NO_COMMON_BLOCKS = YES;
				GCC_WARN_64_TO_32_BIT_CONVERSION = YES;
				GCC_WARN_ABOUT_RETURN_TYPE = YES_ERROR;
				GCC_WARN_UNDECLARED_SELECTOR = YES;
				GCC_WARN_UNINITIALIZED_AUTOS = YES_AGGRESSIVE;
				GCC_WARN_UNUSED_FUNCTION = YES;
				GCC_WARN_UNUSED_VARIABLE = YES;
				IPHONEOS_DEPLOYMENT_TARGET = 11.3;
				MTL_ENABLE_DEBUG_INFO = NO;
				SDKROOT = iphoneos;
				SWIFT_COMPILATION_MODE = wholemodule;
				SWIFT_OPTIMIZATION_LEVEL = "-O";
				VALIDATE_PRODUCT = YES;
			};
			name = Release;
		};
		CA9603272076FE3B00F7CB51 /* Debug */ = {
			isa = XCBuildConfiguration;
			baseConfigurationReference = E68EF982E23CA33DE61516B7 /* Pods-3DayFlurry.debug.xcconfig */;
			buildSettings = {
				ASSETCATALOG_COMPILER_APPICON_NAME = AppIcon;
				CODE_SIGN_STYLE = Automatic;
				DEVELOPMENT_TEAM = PST2WR7437;
				INFOPLIST_FILE = 3DayFlurry/Info.plist;
				IPHONEOS_DEPLOYMENT_TARGET = 10.0;
				LD_RUNPATH_SEARCH_PATHS = (
					"$(inherited)",
					"@executable_path/Frameworks",
				);
				PRODUCT_BUNDLE_IDENTIFIER = "swifty.defrance.-DayFlurry";
				PRODUCT_NAME = "$(TARGET_NAME)";
				SWIFT_VERSION = 4.0;
				TARGETED_DEVICE_FAMILY = "1,2";
			};
			name = Debug;
		};
		CA9603282076FE3B00F7CB51 /* Release */ = {
			isa = XCBuildConfiguration;
			baseConfigurationReference = C09EB447A5DC891E861A2379 /* Pods-3DayFlurry.release.xcconfig */;
			buildSettings = {
				ASSETCATALOG_COMPILER_APPICON_NAME = AppIcon;
				CODE_SIGN_STYLE = Automatic;
				DEVELOPMENT_TEAM = PST2WR7437;
				INFOPLIST_FILE = 3DayFlurry/Info.plist;
				IPHONEOS_DEPLOYMENT_TARGET = 10.0;
				LD_RUNPATH_SEARCH_PATHS = (
					"$(inherited)",
					"@executable_path/Frameworks",
				);
				PRODUCT_BUNDLE_IDENTIFIER = "swifty.defrance.-DayFlurry";
				PRODUCT_NAME = "$(TARGET_NAME)";
				SWIFT_VERSION = 4.0;
				TARGETED_DEVICE_FAMILY = "1,2";
			};
			name = Release;
		};
		CA9603382077D58A00F7CB51 /* Debug */ = {
			isa = XCBuildConfiguration;
			buildSettings = {
				CODE_SIGN_STYLE = Automatic;
				DEVELOPMENT_TEAM = PST2WR7437;
				INFOPLIST_FILE = 3DayFlurryUITests/Info.plist;
				LD_RUNPATH_SEARCH_PATHS = (
					"$(inherited)",
					"@executable_path/Frameworks",
					"@loader_path/Frameworks",
				);
				PRODUCT_BUNDLE_IDENTIFIER = "swifty.defrance.-DayFlurryUITests";
				PRODUCT_NAME = "$(TARGET_NAME)";
				SWIFT_VERSION = 4.0;
				TARGETED_DEVICE_FAMILY = "1,2";
				TEST_TARGET_NAME = 3DayFlurry;
			};
			name = Debug;
		};
		CA9603392077D58A00F7CB51 /* Release */ = {
			isa = XCBuildConfiguration;
			buildSettings = {
				CODE_SIGN_STYLE = Automatic;
				DEVELOPMENT_TEAM = PST2WR7437;
				INFOPLIST_FILE = 3DayFlurryUITests/Info.plist;
				LD_RUNPATH_SEARCH_PATHS = (
					"$(inherited)",
					"@executable_path/Frameworks",
					"@loader_path/Frameworks",
				);
				PRODUCT_BUNDLE_IDENTIFIER = "swifty.defrance.-DayFlurryUITests";
				PRODUCT_NAME = "$(TARGET_NAME)";
				SWIFT_VERSION = 4.0;
				TARGETED_DEVICE_FAMILY = "1,2";
				TEST_TARGET_NAME = 3DayFlurry;
			};
			name = Release;
		};
/* End XCBuildConfiguration section */

/* Begin XCConfigurationList section */
		CA96030F2076FE3900F7CB51 /* Build configuration list for PBXProject "3DayFlurry" */ = {
			isa = XCConfigurationList;
			buildConfigurations = (
				CA9603242076FE3B00F7CB51 /* Debug */,
				CA9603252076FE3B00F7CB51 /* Release */,
			);
			defaultConfigurationIsVisible = 0;
			defaultConfigurationName = Release;
		};
		CA9603262076FE3B00F7CB51 /* Build configuration list for PBXNativeTarget "3DayFlurry" */ = {
			isa = XCConfigurationList;
			buildConfigurations = (
				CA9603272076FE3B00F7CB51 /* Debug */,
				CA9603282076FE3B00F7CB51 /* Release */,
			);
			defaultConfigurationIsVisible = 0;
			defaultConfigurationName = Release;
		};
		CA96033A2077D58A00F7CB51 /* Build configuration list for PBXNativeTarget "3DayFlurryUITests" */ = {
			isa = XCConfigurationList;
			buildConfigurations = (
				CA9603382077D58A00F7CB51 /* Debug */,
				CA9603392077D58A00F7CB51 /* Release */,
			);
			defaultConfigurationIsVisible = 0;
			defaultConfigurationName = Release;
		};
/* End XCConfigurationList section */
	};
	rootObject = CA96030C2076FE3900F7CB51 /* Project object */;
}
